
Microsoft Visual Studio Solution File, Format Version 12.00
# Visual Studio Version 17
VisualStudioVersion = 17.2.32616.157
MinimumVisualStudioVersion = 10.0.40219.1
Project("{9A19103F-16F7-4668-BE54-9A1E7A4F7556}") = "RPGShop", "RPGShop\RPGShop.csproj", "{760C0039-393F-4989-B174-1313C781A20E}"
EndProject
Project("{9A19103F-16F7-4668-BE54-9A1E7A4F7556}") = "RPGShopTests", "RPGShopTests\RPGShopTests.csproj", "{50464F2F-1898-4178-A32C-0B173249ABAB}"
EndProject
Project("{FAE04EC0-301F-11D3-BF4B-00C04F79EFBC}") = "RPGShop.IntegrationTests", "RPGShop.IntegrationTests\RPGShop.IntegrationTests.csproj", "{1F90DFF7-D442-44F0-B9CD-2F146DC64470}"
EndProject
Global
	GlobalSection(SolutionConfigurationPlatforms) = preSolution
		Debug|Any CPU = Debug|Any CPU
		Release|Any CPU = Release|Any CPU
	EndGlobalSection
	GlobalSection(ProjectConfigurationPlatforms) = postSolution
		{760C0039-393F-4989-B174-1313C781A20E}.Debug|Any CPU.ActiveCfg = Debug|Any CPU
		{760C0039-393F-4989-B174-1313C781A20E}.Debug|Any CPU.Build.0 = Debug|Any CPU
		{760C0039-393F-4989-B174-1313C781A20E}.Release|Any CPU.ActiveCfg = Release|Any CPU
		{760C0039-393F-4989-B174-1313C781A20E}.Release|Any CPU.Build.0 = Release|Any CPU
		{50464F2F-1898-4178-A32C-0B173249ABAB}.Debug|Any CPU.ActiveCfg = Debug|Any CPU
		{50464F2F-1898-4178-A32C-0B173249ABAB}.Debug|Any CPU.Build.0 = Debug|Any CPU
		{50464F2F-1898-4178-A32C-0B173249ABAB}.Release|Any CPU.ActiveCfg = Release|Any CPU
		{50464F2F-1898-4178-A32C-0B173249ABAB}.Release|Any CPU.Build.0 = Release|Any CPU
		{1F90DFF7-D442-44F0-B9CD-2F146DC64470}.Debug|Any CPU.ActiveCfg = Debug|Any CPU
		{1F90DFF7-D442-44F0-B9CD-2F146DC64470}.Debug|Any CPU.Build.0 = Debug|Any CPU
		{1F90DFF7-D442-44F0-B9CD-2F146DC64470}.Release|Any CPU.ActiveCfg = Release|Any CPU
		{1F90DFF7-D442-44F0-B9CD-2F146DC64470}.Release|Any CPU.Build.0 = Release|Any CPU
	EndGlobalSection
	GlobalSection(SolutionProperties) = preSolution
		HideSolutionNode = FALSE
	EndGlobalSection
	GlobalSection(ExtensibilityGlobals) = postSolution
		SolutionGuid = {CD830462-B657-49BD-8BD0-A8F490D0EA13}
	EndGlobalSection
EndGlobal
